// !$*UTF8*$!
{
	archiveVersion = 1;
	classes = {
	};
	objectVersion = 46;
	objects = {

/* Begin PBXBuildFile section */
		4BCC83D0199BE39B00BD4769 /* main.swift in Sources */ = {isa = PBXBuildFile; fileRef = 4BCC83CF199BE39B00BD4769 /* main.swift */; };
		4BCC83D7199BE41300BD4769 /* Car.swift in Sources */ = {isa = PBXBuildFile; fileRef = 4BCC83D6199BE41300BD4769 /* Car.swift */; };
		4BCC8408199BF72600BD4769 /* PickupTruck.swift in Sources */ = {isa = PBXBuildFile; fileRef = 4BCC8407199BF72600BD4769 /* PickupTruck.swift */; };
		4BCC840A199BF7CA00BD4769 /* TurboCar.swift in Sources */ = {isa = PBXBuildFile; fileRef = 4BCC8409199BF7CA00BD4769 /* TurboCar.swift */; };
		4BCC840C199BF7DA00BD4769 /* HybridCar.swift in Sources */ = {isa = PBXBuildFile; fileRef = 4BCC840B199BF7DA00BD4769 /* HybridCar.swift */; };
/* End PBXBuildFile section */

/* Begin PBXCopyFilesBuildPhase section */
		4BCC83CA199BE39B00BD4769 /* CopyFiles */ = {
			isa = PBXCopyFilesBuildPhase;
			buildActionMask = 2147483647;
			dstPath = /usr/share/man/man1/;
			dstSubfolderSpec = 0;
			files = (
			);
			runOnlyForDeploymentPostprocessing = 1;
		};
/* End PBXCopyFilesBuildPhase section */

/* Begin PBXFileReference section */
		4BCC83CC199BE39B00BD4769 /* Unit2Lesson2 */ = {isa = PBXFileReference; explicitFileType = "compiled.mach-o.executable"; includeInIndex = 0; path = Unit2Lesson2; sourceTree = BUILT_PRODUCTS_DIR; };
		4BCC83CF199BE39B00BD4769 /* main.swift */ = {isa = PBXFileReference; lastKnownFileType = sourcecode.swift; path = main.swift; sourceTree = "<group>"; };
		4BCC83D6199BE41300BD4769 /* Car.swift */ = {isa = PBXFileReference; fileEncoding = 4; lastKnownFileType = sourcecode.swift; path = Car.swift; sourceTree = "<group>"; };
		4BCC8407199BF72600BD4769 /* PickupTruck.swift */ = {isa = PBXFileReference; fileEncoding = 4; lastKnownFileType = sourcecode.swift; path = PickupTruck.swift; sourceTree = "<group>"; };
		4BCC8409199BF7CA00BD4769 /* TurboCar.swift */ = {isa = PBXFileReference; fileEncoding = 4; lastKnownFileType = sourcecode.swift; path = TurboCar.swift; sourceTree = "<group>"; };
		4BCC840B199BF7DA00BD4769 /* HybridCar.swift */ = {isa = PBXFileReference; fileEncoding = 4; lastKnownFileType = sourcecode.swift; path = HybridCar.swift; sourceTree = "<group>"; };
/* End PBXFileReference section */

/* Begin PBXFrameworksBuildPhase section */
		4BCC83C9199BE39B00BD4769 /* Frameworks */ = {
			isa = PBXFrameworksBuildPhase;
			buildActionMask = 2147483647;
			files = (
			);
			runOnlyForDeploymentPostprocessing = 0;
		};
/* End PBXFrameworksBuildPhase section */

/* Begin PBXGroup section */
		4BCC83C3199BE39B00BD4769 = {
			isa = PBXGroup;
			children = (
				4BCC83CE199BE39B00BD4769 /* Unit2Lesson2 */,
				4BCC83CD199BE39B00BD4769 /* Products */,
			);
			sourceTree = "<group>";
		};
		4BCC83CD199BE39B00BD4769 /* Products */ = {
			isa = PBXGroup;
			children = (
				4BCC83CC199BE39B00BD4769 /* Unit2Lesson2 */,
			);
			name = Products;
			sourceTree = "<group>";
		};
		4BCC83CE199BE39B00BD4769 /* Unit2Lesson2 */ = {
			isa = PBXGroup;
			children = (
				4BCC83CF199BE39B00BD4769 /* main.swift */,
				4BCC8409199BF7CA00BD4769 /* TurboCar.swift */,
				4BCC840B199BF7DA00BD4769 /* HybridCar.swift */,
				4BCC8407199BF72600BD4769 /* PickupTruck.swift */,
				4BCC83D6199BE41300BD4769 /* Car.swift */,
			);
			path = Unit2Lesson2;
			sourceTree = "<group>";
		};
/* End PBXGroup section */

/* Begin PBXNativeTarget section */
		4BCC83CB199BE39B00BD4769 /* Unit2Lesson2 */ = {
			isa = PBXNativeTarget;
			buildConfigurationList = 4BCC83D3199BE39B00BD4769 /* Build configuration list for PBXNativeTarget "Unit2Lesson2" */;
			buildPhases = (
				4BCC83C8199BE39B00BD4769 /* Sources */,
				4BCC83C9199BE39B00BD4769 /* Frameworks */,
				4BCC83CA199BE39B00BD4769 /* CopyFiles */,
			);
			buildRules = (
			);
			dependencies = (
			);
			name = Unit2Lesson2;
			productName = Unit2Lesson2;
			productReference = 4BCC83CC199BE39B00BD4769 /* Unit2Lesson2 */;
			productType = "com.apple.product-type.tool";
		};
/* End PBXNativeTarget section */

/* Begin PBXProject section */
		4BCC83C4199BE39B00BD4769 /* Project object */ = {
			isa = PBXProject;
			attributes = {
				LastUpgradeCheck = 0600;
				ORGANIZATIONNAME = "Nobody Special";
				TargetAttributes = {
					4BCC83CB199BE39B00BD4769 = {
						CreatedOnToolsVersion = 6.0;
					};
				};
			};
			buildConfigurationList = 4BCC83C7199BE39B00BD4769 /* Build configuration list for PBXProject "Unit2Lesson2" */;
			compatibilityVersion = "Xcode 3.2";
			developmentRegion = English;
			hasScannedForEncodings = 0;
			knownRegions = (
				en,
			);
			mainGroup = 4BCC83C3199BE39B00BD4769;
			productRefGroup = 4BCC83CD199BE39B00BD4769 /* Products */;
			projectDirPath = "";
			projectRoot = "";
			targets = (
				4BCC83CB199BE39B00BD4769 /* Unit2Lesson2 */,
			);
		};
/* End PBXProject section */

/* Begin PBXSourcesBuildPhase section */
		4BCC83C8199BE39B00BD4769 /* Sources */ = {
			isa = PBXSourcesBuildPhase;
			buildActionMask = 2147483647;
			files = (
				4BCC8408199BF72600BD4769 /* PickupTruck.swift in Sources */,
				4BCC840C199BF7DA00BD4769 /* HybridCar.swift in Sources */,
				4BCC83D0199BE39B00BD4769 /* main.swift in Sources */,
				4BCC83D7199BE41300BD4769 /* Car.swift in Sources */,
				4BCC840A199BF7CA00BD4769 /* TurboCar.swift in Sources */,
			);
			runOnlyForDeploymentPostprocessing = 0;
		};
/* End PBXSourcesBuildPhase section */

/* Begin XCBuildConfiguration section */
		4BCC83D1199BE39B00BD4769 /* Debug */ = {
			isa = XCBuildConfiguration;
			buildSettings = {
				ALWAYS_SEARCH_USER_PATHS = NO;
				CLANG_CXX_LANGUAGE_STANDARD = "gnu++0x";
				CLANG_CXX_LIBRARY = "libc++";
				CLANG_ENABLE_MODULES = YES;
				CLANG_ENABLE_OBJC_ARC = YES;
				CLANG_WARN_BOOL_CONVERSION = YES;
				CLANG_WARN_CONSTANT_CONVERSION = YES;
				CLANG_WARN_DIRECT_OBJC_ISA_USAGE = YES_ERROR;
				CLANG_WARN_EMPTY_BODY = YES;
				CLANG_WARN_ENUM_CONVERSION = YES;
				CLANG_WARN_INT_CONVERSION = YES;
				CLANG_WARN_OBJC_ROOT_CLASS = YES_ERROR;
				CLANG_WARN_UNREACHABLE_CODE = YES;
				CLANG_WARN__DUPLICATE_METHOD_MATCH = YES;
				COPY_PHASE_STRIP = NO;
				ENABLE_STRICT_OBJC_MSGSEND = YES;
				GCC_C_LANGUAGE_STANDARD = gnu99;
				GCC_DYNAMIC_NO_PIC = NO;
				GCC_OPTIMIZATION_LEVEL = 0;
				GCC_PREPROCESSOR_DEFINITIONS = (
					"DEBUG=1",
					"$(inherited)",
				);
				GCC_SYMBOLS_PRIVATE_EXTERN = NO;
				GCC_WARN_64_TO_32_BIT_CONVERSION = YES;
				GCC_WARN_ABOUT_RETURN_TYPE = YES_ERROR;
				GCC_WARN_UNDECLARED_SELECTOR = YES;
				GCC_WARN_UNINITIALIZED_AUTOS = YES_AGGRESSIVE;
				GCC_WARN_UNUSED_FUNCTION = YES;
				GCC_WARN_UNUSED_VARIABLE = YES;
				MACOSX_DEPLOYMENT_TARGET = 10.9;
				MTL_ENABLE_DEBUG_INFO = YES;
				ONLY_ACTIVE_ARCH = YES;
				SDKROOT = macosx;
				SWIFT_OPTIMIZATION_LEVEL = "-Onone";
			};
			name = Debug;
		};
		4BCC83D2199BE39B00BD4769 /* Release */ = {
			isa = XCBuildConfiguration;
			buildSettings = {
				ALWAYS_SEARCH_USER_PATHS = NO;
				CLANG_CXX_LANGUAGE_STANDARD = "gnu++0x";
				CLANG_CXX_LIBRARY = "libc++";
				CLANG_ENABLE_MODULES = YES;
				CLANG_ENABLE_OBJC_ARC = YES;
				CLANG_WARN_BOOL_CONVERSION = YES;
				CLANG_WARN_CONSTANT_CONVERSION = YES;
				CLANG_WARN_DIRECT_OBJC_ISA_USAGE = YES_ERROR;
				CLANG_WARN_EMPTY_BODY = YES;
				CLANG_WARN_ENUM_CONVERSION = YES;
				CLANG_WARN_INT_CONVERSION = YES;
				CLANG_WARN_OBJC_ROOT_CLASS = YES_ERROR;
				CLANG_WARN_UNREACHABLE_CODE = YES;
				CLANG_WARN__DUPLICATE_METHOD_MATCH = YES;
				COPY_PHASE_STRIP = YES;
				DEBUG_INFORMATION_FORMAT = "dwarf-with-dsym";
				ENABLE_NS_ASSERTIONS = NO;
				ENABLE_STRICT_OBJC_MSGSEND = YES;
				GCC_C_LANGUAGE_STANDARD = gnu99;
				GCC_WARN_64_TO_32_BIT_CONVERSION = YES;
				GCC_WARN_ABOUT_RETURN_TYPE = YES_ERROR;
				GCC_WARN_UNDECLARED_SELECTOR = YES;
				GCC_WARN_UNINITIALIZED_AUTOS = YES_AGGRESSIVE;
				GCC_WARN_UNUSED_FUNCTION = YES;
				GCC_WARN_UNUSED_VARIABLE = YES;
				MACOSX_DEPLOYMENT_TARGET = 10.9;
				MTL_ENABLE_DEBUG_INFO = NO;
				SDKROOT = macosx;
			};
			name = Release;
		};
		4BCC83D4199BE39B00BD4769 /* Debug */ = {
			isa = XCBuildConfiguration;
			buildSettings = {
				PRODUCT_NAME = "$(TARGET_NAME)";
			};
			name = Debug;
		};
		4BCC83D5199BE39B00BD4769 /* Release */ = {
			isa = XCBuildConfiguration;
			buildSettings = {
				PRODUCT_NAME = "$(TARGET_NAME)";
			};
			name = Release;
		};
/* End XCBuildConfiguration section */

/* Begin XCConfigurationList section */
		4BCC83C7199BE39B00BD4769 /* Build configuration list for PBXProject "Unit2Lesson2" */ = {
			isa = XCConfigurationList;
			buildConfigurations = (
				4BCC83D1199BE39B00BD4769 /* Debug */,
				4BCC83D2199BE39B00BD4769 /* Release */,
			);
			defaultConfigurationIsVisible = 0;
			defaultConfigurationName = Release;
		};
		4BCC83D3199BE39B00BD4769 /* Build configuration list for PBXNativeTarget "Unit2Lesson2" */ = {
			isa = XCConfigurationList;
			buildConfigurations = (
				4BCC83D4199BE39B00BD4769 /* Debug */,
				4BCC83D5199BE39B00BD4769 /* Release */,
			);
			defaultConfigurationIsVisible = 0;
			defaultConfigurationName = Release;
		};
/* End XCConfigurationList section */
	};
	rootObject = 4BCC83C4199BE39B00BD4769 /* Project object */;
}
